
Microsoft Visual Studio Solution File, Format Version 12.00
# Visual Studio 15
VisualStudioVersion = 15.0.28307.572
MinimumVisualStudioVersion = 10.0.40219.1
Project("{8BC9CEB8-8B4A-11D0-8D11-00A0C91BC942}") = "safe_variant", "safe_variant\safe_variant.vcxproj", "{734A8C07-DADE-4F1C-9F29-55A1D29527D0}"
EndProject
Global
	GlobalSection(SolutionConfigurationPlatforms) = preSolution
		Debug|x64 = Debug|x64
		Debug|x86 = Debug|x86
		Release|x64 = Release|x64
		Release|x86 = Release|x86
	EndGlobalSection
	GlobalSection(ProjectConfigurationPlatforms) = postSolution
		{734A8C07-DADE-4F1C-9F29-55A1D29527D0}.Debug|x64.ActiveCfg = Debug|x64
		{734A8C07-DADE-4F1C-9F29-55A1D29527D0}.Debug|x64.Build.0 = Debug|x64
		{734A8C07-DADE-4F1C-9F29-55A1D29527D0}.Debug|x86.ActiveCfg = Debug|Win32
		{734A8C07-DADE-4F1C-9F29-55A1D29527D0}.Debug|x86.Build.0 = Debug|Win32
		{734A8C07-DADE-4F1C-9F29-55A1D29527D0}.Release|x64.ActiveCfg = Release|x64
		{734A8C07-DADE-4F1C-9F29-55A1D29527D0}.Release|x64.Build.0 = Release|x64
		{734A8C07-DADE-4F1C-9F29-55A1D29527D0}.Release|x86.ActiveCfg = Release|Win32
		{734A8C07-DADE-4F1C-9F29-55A1D29527D0}.Release|x86.Build.0 = Release|Win32
	EndGlobalSection
	GlobalSection(SolutionProperties) = preSolution
		HideSolutionNode = FALSE
	EndGlobalSection
	GlobalSection(ExtensibilityGlobals) = postSolution
		SolutionGuid = {BA06C82A-E9B0-45D0-8F51-02C353D54007}
	EndGlobalSection
EndGlobal
